
Microsoft Visual Studio Solution File, Format Version 12.00
# Visual Studio Version 17
VisualStudioVersion = 17.11.35222.181
MinimumVisualStudioVersion = 10.0.40219.1
Project("{8BC9CEB8-8B4A-11D0-8D11-00A0C91BC942}") = "01", "1\1.vcxproj", "{6713BFD9-D419-464C-A220-4AB276A8B9A4}"
EndProject
Project("{8BC9CEB8-8B4A-11D0-8D11-00A0C91BC942}") = "02", "02\02.vcxproj", "{157788AB-600F-413C-AC06-2B3D72371B88}"
EndProject
Project("{8BC9CEB8-8B4A-11D0-8D11-00A0C91BC942}") = "03", "03\03.vcxproj", "{2D64E577-C9D9-4369-AEF8-3C92DA01A9AD}"
EndProject
Project("{8BC9CEB8-8B4A-11D0-8D11-00A0C91BC942}") = "04", "04\04.vcxproj", "{01917A03-82E0-4151-8008-DDF9B2F62CC3}"
EndProject
Project("{8BC9CEB8-8B4A-11D0-8D11-00A0C91BC942}") = "05", "05\05.vcxproj", "{C83196D0-7DC0-4D2A-B326-8C26686D1AD8}"
EndProject
Project("{8BC9CEB8-8B4A-11D0-8D11-00A0C91BC942}") = "06", "06\06.vcxproj", "{013B0753-5EB8-42FE-96FB-CB9E3068F5A0}"
EndProject
Project("{8BC9CEB8-8B4A-11D0-8D11-00A0C91BC942}") = "07", "07\07.vcxproj", "{D3C92711-BF97-4D57-B67F-C0C37162D341}"
EndProject
Project("{8BC9CEB8-8B4A-11D0-8D11-00A0C91BC942}") = "08", "08\08.vcxproj", "{AC4D8CC0-5DAB-452F-B772-5CFB4889D761}"
EndProject
Project("{8BC9CEB8-8B4A-11D0-8D11-00A0C91BC942}") = "09", "09\09.vcxproj", "{8EE4AC51-3041-49F6-AC1F-F626C92D96B4}"
EndProject
Project("{8BC9CEB8-8B4A-11D0-8D11-00A0C91BC942}") = "10", "10\10.vcxproj", "{3535FC02-7C72-4C5E-8EBA-C514F7D16D50}"
EndProject
Global
	GlobalSection(SolutionConfigurationPlatforms) = preSolution
		Debug|x64 = Debug|x64
		Debug|x86 = Debug|x86
		Release|x64 = Release|x64
		Release|x86 = Release|x86
	EndGlobalSection
	GlobalSection(ProjectConfigurationPlatforms) = postSolution
		{6713BFD9-D419-464C-A220-4AB276A8B9A4}.Debug|x64.ActiveCfg = Debug|x64
		{6713BFD9-D419-464C-A220-4AB276A8B9A4}.Debug|x64.Build.0 = Debug|x64
		{6713BFD9-D419-464C-A220-4AB276A8B9A4}.Debug|x86.ActiveCfg = Debug|Win32
		{6713BFD9-D419-464C-A220-4AB276A8B9A4}.Debug|x86.Build.0 = Debug|Win32
		{6713BFD9-D419-464C-A220-4AB276A8B9A4}.Release|x64.ActiveCfg = Release|x64
		{6713BFD9-D419-464C-A220-4AB276A8B9A4}.Release|x64.Build.0 = Release|x64
		{6713BFD9-D419-464C-A220-4AB276A8B9A4}.Release|x86.ActiveCfg = Release|Win32
		{6713BFD9-D419-464C-A220-4AB276A8B9A4}.Release|x86.Build.0 = Release|Win32
		{157788AB-600F-413C-AC06-2B3D72371B88}.Debug|x64.ActiveCfg = Debug|x64
		{157788AB-600F-413C-AC06-2B3D72371B88}.Debug|x64.Build.0 = Debug|x64
		{157788AB-600F-413C-AC06-2B3D72371B88}.Debug|x86.ActiveCfg = Debug|Win32
		{157788AB-600F-413C-AC06-2B3D72371B88}.Debug|x86.Build.0 = Debug|Win32
		{157788AB-600F-413C-AC06-2B3D72371B88}.Release|x64.ActiveCfg = Release|x64
		{157788AB-600F-413C-AC06-2B3D72371B88}.Release|x64.Build.0 = Release|x64
		{157788AB-600F-413C-AC06-2B3D72371B88}.Release|x86.ActiveCfg = Release|Win32
		{157788AB-600F-413C-AC06-2B3D72371B88}.Release|x86.Build.0 = Release|Win32
		{2D64E577-C9D9-4369-AEF8-3C92DA01A9AD}.Debug|x64.ActiveCfg = Debug|x64
		{2D64E577-C9D9-4369-AEF8-3C92DA01A9AD}.Debug|x64.Build.0 = Debug|x64
		{2D64E577-C9D9-4369-AEF8-3C92DA01A9AD}.Debug|x86.ActiveCfg = Debug|Win32
		{2D64E577-C9D9-4369-AEF8-3C92DA01A9AD}.Debug|x86.Build.0 = Debug|Win32
		{2D64E577-C9D9-4369-AEF8-3C92DA01A9AD}.Release|x64.ActiveCfg = Release|x64
		{2D64E577-C9D9-4369-AEF8-3C92DA01A9AD}.Release|x64.Build.0 = Release|x64
		{2D64E577-C9D9-4369-AEF8-3C92DA01A9AD}.Release|x86.ActiveCfg = Release|Win32
		{2D64E577-C9D9-4369-AEF8-3C92DA01A9AD}.Release|x86.Build.0 = Release|Win32
		{01917A03-82E0-4151-8008-DDF9B2F62CC3}.Debug|x64.ActiveCfg = Debug|x64
		{01917A03-82E0-4151-8008-DDF9B2F62CC3}.Debug|x64.Build.0 = Debug|x64
		{01917A03-82E0-4151-8008-DDF9B2F62CC3}.Debug|x86.ActiveCfg = Debug|Win32
		{01917A03-82E0-4151-8008-DDF9B2F62CC3}.Debug|x86.Build.0 = Debug|Win32
		{01917A03-82E0-4151-8008-DDF9B2F62CC3}.Release|x64.ActiveCfg = Release|x64
		{01917A03-82E0-4151-8008-DDF9B2F62CC3}.Release|x64.Build.0 = Release|x64
		{01917A03-82E0-4151-8008-DDF9B2F62CC3}.Release|x86.ActiveCfg = Release|Win32
		{01917A03-82E0-4151-8008-DDF9B2F62CC3}.Release|x86.Build.0 = Release|Win32
		{C83196D0-7DC0-4D2A-B326-8C26686D1AD8}.Debug|x64.ActiveCfg = Debug|x64
		{C83196D0-7DC0-4D2A-B326-8C26686D1AD8}.Debug|x64.Build.0 = Debug|x64
		{C83196D0-7DC0-4D2A-B326-8C26686D1AD8}.Debug|x86.ActiveCfg = Debug|Win32
		{C83196D0-7DC0-4D2A-B326-8C26686D1AD8}.Debug|x86.Build.0 = Debug|Win32
		{C83196D0-7DC0-4D2A-B326-8C26686D1AD8}.Release|x64.ActiveCfg = Release|x64
		{C83196D0-7DC0-4D2A-B326-8C26686D1AD8}.Release|x64.Build.0 = Release|x64
		{C83196D0-7DC0-4D2A-B326-8C26686D1AD8}.Release|x86.ActiveCfg = Release|Win32
		{C83196D0-7DC0-4D2A-B326-8C26686D1AD8}.Release|x86.Build.0 = Release|Win32
		{013B0753-5EB8-42FE-96FB-CB9E3068F5A0}.Debug|x64.ActiveCfg = Debug|x64
		{013B0753-5EB8-42FE-96FB-CB9E3068F5A0}.Debug|x64.Build.0 = Debug|x64
		{013B0753-5EB8-42FE-96FB-CB9E3068F5A0}.Debug|x86.ActiveCfg = Debug|Win32
		{013B0753-5EB8-42FE-96FB-CB9E3068F5A0}.Debug|x86.Build.0 = Debug|Win32
		{013B0753-5EB8-42FE-96FB-CB9E3068F5A0}.Release|x64.ActiveCfg = Release|x64
		{013B0753-5EB8-42FE-96FB-CB9E3068F5A0}.Release|x64.Build.0 = Release|x64
		{013B0753-5EB8-42FE-96FB-CB9E3068F5A0}.Release|x86.ActiveCfg = Release|Win32
		{013B0753-5EB8-42FE-96FB-CB9E3068F5A0}.Release|x86.Build.0 = Release|Win32
		{D3C92711-BF97-4D57-B67F-C0C37162D341}.Debug|x64.ActiveCfg = Debug|x64
		{D3C92711-BF97-4D57-B67F-C0C37162D341}.Debug|x64.Build.0 = Debug|x64
		{D3C92711-BF97-4D57-B67F-C0C37162D341}.Debug|x86.ActiveCfg = Debug|Win32
		{D3C92711-BF97-4D57-B67F-C0C37162D341}.Debug|x86.Build.0 = Debug|Win32
		{D3C92711-BF97-4D57-B67F-C0C37162D341}.Release|x64.ActiveCfg = Release|x64
		{D3C92711-BF97-4D57-B67F-C0C37162D341}.Release|x64.Build.0 = Release|x64
		{D3C92711-BF97-4D57-B67F-C0C37162D341}.Release|x86.ActiveCfg = Release|Win32
		{D3C92711-BF97-4D57-B67F-C0C37162D341}.Release|x86.Build.0 = Release|Win32
		{AC4D8CC0-5DAB-452F-B772-5CFB4889D761}.Debug|x64.ActiveCfg = Debug|x64
		{AC4D8CC0-5DAB-452F-B772-5CFB4889D761}.Debug|x64.Build.0 = Debug|x64
		{AC4D8CC0-5DAB-452F-B772-5CFB4889D761}.Debug|x86.ActiveCfg = Debug|Win32
		{AC4D8CC0-5DAB-452F-B772-5CFB4889D761}.Debug|x86.Build.0 = Debug|Win32
		{AC4D8CC0-5DAB-452F-B772-5CFB4889D761}.Release|x64.ActiveCfg = Release|x64
		{AC4D8CC0-5DAB-452F-B772-5CFB4889D761}.Release|x64.Build.0 = Release|x64
		{AC4D8CC0-5DAB-452F-B772-5CFB4889D761}.Release|x86.ActiveCfg = Release|Win32
		{AC4D8CC0-5DAB-452F-B772-5CFB4889D761}.Release|x86.Build.0 = Release|Win32
		{8EE4AC51-3041-49F6-AC1F-F626C92D96B4}.Debug|x64.ActiveCfg = Debug|x64
		{8EE4AC51-3041-49F6-AC1F-F626C92D96B4}.Debug|x64.Build.0 = Debug|x64
		{8EE4AC51-3041-49F6-AC1F-F626C92D96B4}.Debug|x86.ActiveCfg = Debug|Win32
		{8EE4AC51-3041-49F6-AC1F-F626C92D96B4}.Debug|x86.Build.0 = Debug|Win32
		{8EE4AC51-3041-49F6-AC1F-F626C92D96B4}.Release|x64.ActiveCfg = Release|x64
		{8EE4AC51-3041-49F6-AC1F-F626C92D96B4}.Release|x64.Build.0 = Release|x64
		{8EE4AC51-3041-49F6-AC1F-F626C92D96B4}.Release|x86.ActiveCfg = Release|Win32
		{8EE4AC51-3041-49F6-AC1F-F626C92D96B4}.Release|x86.Build.0 = Release|Win32
		{3535FC02-7C72-4C5E-8EBA-C514F7D16D50}.Debug|x64.ActiveCfg = Debug|x64
		{3535FC02-7C72-4C5E-8EBA-C514F7D16D50}.Debug|x64.Build.0 = Debug|x64
		{3535FC02-7C72-4C5E-8EBA-C514F7D16D50}.Debug|x86.ActiveCfg = Debug|Win32
		{3535FC02-7C72-4C5E-8EBA-C514F7D16D50}.Debug|x86.Build.0 = Debug|Win32
		{3535FC02-7C72-4C5E-8EBA-C514F7D16D50}.Release|x64.ActiveCfg = Release|x64
		{3535FC02-7C72-4C5E-8EBA-C514F7D16D50}.Release|x64.Build.0 = Release|x64
		{3535FC02-7C72-4C5E-8EBA-C514F7D16D50}.Release|x86.ActiveCfg = Release|Win32
		{3535FC02-7C72-4C5E-8EBA-C514F7D16D50}.Release|x86.Build.0 = Release|Win32
	EndGlobalSection
	GlobalSection(SolutionProperties) = preSolution
		HideSolutionNode = FALSE
	EndGlobalSection
	GlobalSection(ExtensibilityGlobals) = postSolution
		SolutionGuid = {8754C7D4-E646-4603-ACFD-EAA15CE26E40}
	EndGlobalSection
EndGlobal
