
Microsoft Visual Studio Solution File, Format Version 12.00
# Visual Studio Version 17
VisualStudioVersion = 17.11.35222.181
MinimumVisualStudioVersion = 10.0.40219.1
Project("{8BC9CEB8-8B4A-11D0-8D11-00A0C91BC942}") = "HW_1", "HW_1\HW_1.vcxproj", "{C62E78D5-4C06-43F7-9E8C-7D85C06D8D61}"
EndProject
Project("{8BC9CEB8-8B4A-11D0-8D11-00A0C91BC942}") = "HW_2", "HW_2\HW_2.vcxproj", "{E38B1D80-21A4-442D-8E4D-2E4AC32E1339}"
EndProject
Global
	GlobalSection(SolutionConfigurationPlatforms) = preSolution
		Debug|x64 = Debug|x64
		Debug|x86 = Debug|x86
		Release|x64 = Release|x64
		Release|x86 = Release|x86
	EndGlobalSection
	GlobalSection(ProjectConfigurationPlatforms) = postSolution
		{C62E78D5-4C06-43F7-9E8C-7D85C06D8D61}.Debug|x64.ActiveCfg = Debug|x64
		{C62E78D5-4C06-43F7-9E8C-7D85C06D8D61}.Debug|x64.Build.0 = Debug|x64
		{C62E78D5-4C06-43F7-9E8C-7D85C06D8D61}.Debug|x86.ActiveCfg = Debug|Win32
		{C62E78D5-4C06-43F7-9E8C-7D85C06D8D61}.Debug|x86.Build.0 = Debug|Win32
		{C62E78D5-4C06-43F7-9E8C-7D85C06D8D61}.Release|x64.ActiveCfg = Release|x64
		{C62E78D5-4C06-43F7-9E8C-7D85C06D8D61}.Release|x64.Build.0 = Release|x64
		{C62E78D5-4C06-43F7-9E8C-7D85C06D8D61}.Release|x86.ActiveCfg = Release|Win32
		{C62E78D5-4C06-43F7-9E8C-7D85C06D8D61}.Release|x86.Build.0 = Release|Win32
		{E38B1D80-21A4-442D-8E4D-2E4AC32E1339}.Debug|x64.ActiveCfg = Debug|x64
		{E38B1D80-21A4-442D-8E4D-2E4AC32E1339}.Debug|x64.Build.0 = Debug|x64
		{E38B1D80-21A4-442D-8E4D-2E4AC32E1339}.Debug|x86.ActiveCfg = Debug|Win32
		{E38B1D80-21A4-442D-8E4D-2E4AC32E1339}.Debug|x86.Build.0 = Debug|Win32
		{E38B1D80-21A4-442D-8E4D-2E4AC32E1339}.Release|x64.ActiveCfg = Release|x64
		{E38B1D80-21A4-442D-8E4D-2E4AC32E1339}.Release|x64.Build.0 = Release|x64
		{E38B1D80-21A4-442D-8E4D-2E4AC32E1339}.Release|x86.ActiveCfg = Release|Win32
		{E38B1D80-21A4-442D-8E4D-2E4AC32E1339}.Release|x86.Build.0 = Release|Win32
	EndGlobalSection
	GlobalSection(SolutionProperties) = preSolution
		HideSolutionNode = FALSE
	EndGlobalSection
	GlobalSection(ExtensibilityGlobals) = postSolution
		SolutionGuid = {901CC323-836D-4A4A-9B31-7C88CE1E9896}
	EndGlobalSection
EndGlobal
