
Microsoft Visual Studio Solution File, Format Version 12.00
# Visual Studio Version 17
VisualStudioVersion = 17.11.35222.181
MinimumVisualStudioVersion = 10.0.40219.1
Project("{8BC9CEB8-8B4A-11D0-8D11-00A0C91BC942}") = "HW_1", "HW_1\HW_1.vcxproj", "{C62E78D5-4C06-43F7-9E8C-7D85C06D8D61}"
EndProject
Project("{8BC9CEB8-8B4A-11D0-8D11-00A0C91BC942}") = "HW_2", "HW_2\HW_2.vcxproj", "{E38B1D80-21A4-442D-8E4D-2E4AC32E1339}"
EndProject
Project("{8BC9CEB8-8B4A-11D0-8D11-00A0C91BC942}") = "HW_3", "HW_3\HW_3.vcxproj", "{44CFB628-A0A3-4581-85CE-414C8A4D534F}"
EndProject
Project("{8BC9CEB8-8B4A-11D0-8D11-00A0C91BC942}") = "HW_4", "HW_4\HW_4.vcxproj", "{77A90067-DE15-4FB8-8D15-707B1E47EAF1}"
EndProject
Project("{8BC9CEB8-8B4A-11D0-8D11-00A0C91BC942}") = "HW_5", "HW_5\HW_5.vcxproj", "{24F64924-A9E9-4349-9B31-834C576E3272}"
EndProject
Project("{8BC9CEB8-8B4A-11D0-8D11-00A0C91BC942}") = "HW_6", "HW_6\HW_6.vcxproj", "{590ACE23-8454-4900-8237-B3E82EC76D0A}"
EndProject
Project("{8BC9CEB8-8B4A-11D0-8D11-00A0C91BC942}") = "HW_7", "HW_7\HW_7.vcxproj", "{9205AF89-5579-4D3C-8618-6A7F3E27CF05}"
EndProject
Project("{8BC9CEB8-8B4A-11D0-8D11-00A0C91BC942}") = "HW_8", "HW_8\HW_8.vcxproj", "{F34A31F1-BF63-41F7-8AF9-F9AD5BCF7D0D}"
EndProject
Project("{8BC9CEB8-8B4A-11D0-8D11-00A0C91BC942}") = "HW_9", "HW_9\HW_9.vcxproj", "{55884E74-47C6-4226-B748-5DBB02AC9B38}"
EndProject
Project("{8BC9CEB8-8B4A-11D0-8D11-00A0C91BC942}") = "HW_10", "HW_10\HW_10.vcxproj", "{6BCD1908-3A1F-46DE-8B4E-9B02077B558E}"
EndProject
Global
	GlobalSection(SolutionConfigurationPlatforms) = preSolution
		Debug|x64 = Debug|x64
		Debug|x86 = Debug|x86
		Release|x64 = Release|x64
		Release|x86 = Release|x86
	EndGlobalSection
	GlobalSection(ProjectConfigurationPlatforms) = postSolution
		{C62E78D5-4C06-43F7-9E8C-7D85C06D8D61}.Debug|x64.ActiveCfg = Debug|x64
		{C62E78D5-4C06-43F7-9E8C-7D85C06D8D61}.Debug|x64.Build.0 = Debug|x64
		{C62E78D5-4C06-43F7-9E8C-7D85C06D8D61}.Debug|x86.ActiveCfg = Debug|Win32
		{C62E78D5-4C06-43F7-9E8C-7D85C06D8D61}.Debug|x86.Build.0 = Debug|Win32
		{C62E78D5-4C06-43F7-9E8C-7D85C06D8D61}.Release|x64.ActiveCfg = Release|x64
		{C62E78D5-4C06-43F7-9E8C-7D85C06D8D61}.Release|x64.Build.0 = Release|x64
		{C62E78D5-4C06-43F7-9E8C-7D85C06D8D61}.Release|x86.ActiveCfg = Release|Win32
		{C62E78D5-4C06-43F7-9E8C-7D85C06D8D61}.Release|x86.Build.0 = Release|Win32
		{E38B1D80-21A4-442D-8E4D-2E4AC32E1339}.Debug|x64.ActiveCfg = Debug|x64
		{E38B1D80-21A4-442D-8E4D-2E4AC32E1339}.Debug|x64.Build.0 = Debug|x64
		{E38B1D80-21A4-442D-8E4D-2E4AC32E1339}.Debug|x86.ActiveCfg = Debug|Win32
		{E38B1D80-21A4-442D-8E4D-2E4AC32E1339}.Debug|x86.Build.0 = Debug|Win32
		{E38B1D80-21A4-442D-8E4D-2E4AC32E1339}.Release|x64.ActiveCfg = Release|x64
		{E38B1D80-21A4-442D-8E4D-2E4AC32E1339}.Release|x64.Build.0 = Release|x64
		{E38B1D80-21A4-442D-8E4D-2E4AC32E1339}.Release|x86.ActiveCfg = Release|Win32
		{E38B1D80-21A4-442D-8E4D-2E4AC32E1339}.Release|x86.Build.0 = Release|Win32
		{44CFB628-A0A3-4581-85CE-414C8A4D534F}.Debug|x64.ActiveCfg = Debug|x64
		{44CFB628-A0A3-4581-85CE-414C8A4D534F}.Debug|x64.Build.0 = Debug|x64
		{44CFB628-A0A3-4581-85CE-414C8A4D534F}.Debug|x86.ActiveCfg = Debug|Win32
		{44CFB628-A0A3-4581-85CE-414C8A4D534F}.Debug|x86.Build.0 = Debug|Win32
		{44CFB628-A0A3-4581-85CE-414C8A4D534F}.Release|x64.ActiveCfg = Release|x64
		{44CFB628-A0A3-4581-85CE-414C8A4D534F}.Release|x64.Build.0 = Release|x64
		{44CFB628-A0A3-4581-85CE-414C8A4D534F}.Release|x86.ActiveCfg = Release|Win32
		{44CFB628-A0A3-4581-85CE-414C8A4D534F}.Release|x86.Build.0 = Release|Win32
		{77A90067-DE15-4FB8-8D15-707B1E47EAF1}.Debug|x64.ActiveCfg = Debug|x64
		{77A90067-DE15-4FB8-8D15-707B1E47EAF1}.Debug|x64.Build.0 = Debug|x64
		{77A90067-DE15-4FB8-8D15-707B1E47EAF1}.Debug|x86.ActiveCfg = Debug|Win32
		{77A90067-DE15-4FB8-8D15-707B1E47EAF1}.Debug|x86.Build.0 = Debug|Win32
		{77A90067-DE15-4FB8-8D15-707B1E47EAF1}.Release|x64.ActiveCfg = Release|x64
		{77A90067-DE15-4FB8-8D15-707B1E47EAF1}.Release|x64.Build.0 = Release|x64
		{77A90067-DE15-4FB8-8D15-707B1E47EAF1}.Release|x86.ActiveCfg = Release|Win32
		{77A90067-DE15-4FB8-8D15-707B1E47EAF1}.Release|x86.Build.0 = Release|Win32
		{24F64924-A9E9-4349-9B31-834C576E3272}.Debug|x64.ActiveCfg = Debug|x64
		{24F64924-A9E9-4349-9B31-834C576E3272}.Debug|x64.Build.0 = Debug|x64
		{24F64924-A9E9-4349-9B31-834C576E3272}.Debug|x86.ActiveCfg = Debug|Win32
		{24F64924-A9E9-4349-9B31-834C576E3272}.Debug|x86.Build.0 = Debug|Win32
		{24F64924-A9E9-4349-9B31-834C576E3272}.Release|x64.ActiveCfg = Release|x64
		{24F64924-A9E9-4349-9B31-834C576E3272}.Release|x64.Build.0 = Release|x64
		{24F64924-A9E9-4349-9B31-834C576E3272}.Release|x86.ActiveCfg = Release|Win32
		{24F64924-A9E9-4349-9B31-834C576E3272}.Release|x86.Build.0 = Release|Win32
		{590ACE23-8454-4900-8237-B3E82EC76D0A}.Debug|x64.ActiveCfg = Debug|x64
		{590ACE23-8454-4900-8237-B3E82EC76D0A}.Debug|x64.Build.0 = Debug|x64
		{590ACE23-8454-4900-8237-B3E82EC76D0A}.Debug|x86.ActiveCfg = Debug|Win32
		{590ACE23-8454-4900-8237-B3E82EC76D0A}.Debug|x86.Build.0 = Debug|Win32
		{590ACE23-8454-4900-8237-B3E82EC76D0A}.Release|x64.ActiveCfg = Release|x64
		{590ACE23-8454-4900-8237-B3E82EC76D0A}.Release|x64.Build.0 = Release|x64
		{590ACE23-8454-4900-8237-B3E82EC76D0A}.Release|x86.ActiveCfg = Release|Win32
		{590ACE23-8454-4900-8237-B3E82EC76D0A}.Release|x86.Build.0 = Release|Win32
		{9205AF89-5579-4D3C-8618-6A7F3E27CF05}.Debug|x64.ActiveCfg = Debug|x64
		{9205AF89-5579-4D3C-8618-6A7F3E27CF05}.Debug|x64.Build.0 = Debug|x64
		{9205AF89-5579-4D3C-8618-6A7F3E27CF05}.Debug|x86.ActiveCfg = Debug|Win32
		{9205AF89-5579-4D3C-8618-6A7F3E27CF05}.Debug|x86.Build.0 = Debug|Win32
		{9205AF89-5579-4D3C-8618-6A7F3E27CF05}.Release|x64.ActiveCfg = Release|x64
		{9205AF89-5579-4D3C-8618-6A7F3E27CF05}.Release|x64.Build.0 = Release|x64
		{9205AF89-5579-4D3C-8618-6A7F3E27CF05}.Release|x86.ActiveCfg = Release|Win32
		{9205AF89-5579-4D3C-8618-6A7F3E27CF05}.Release|x86.Build.0 = Release|Win32
		{F34A31F1-BF63-41F7-8AF9-F9AD5BCF7D0D}.Debug|x64.ActiveCfg = Debug|x64
		{F34A31F1-BF63-41F7-8AF9-F9AD5BCF7D0D}.Debug|x64.Build.0 = Debug|x64
		{F34A31F1-BF63-41F7-8AF9-F9AD5BCF7D0D}.Debug|x86.ActiveCfg = Debug|Win32
		{F34A31F1-BF63-41F7-8AF9-F9AD5BCF7D0D}.Debug|x86.Build.0 = Debug|Win32
		{F34A31F1-BF63-41F7-8AF9-F9AD5BCF7D0D}.Release|x64.ActiveCfg = Release|x64
		{F34A31F1-BF63-41F7-8AF9-F9AD5BCF7D0D}.Release|x64.Build.0 = Release|x64
		{F34A31F1-BF63-41F7-8AF9-F9AD5BCF7D0D}.Release|x86.ActiveCfg = Release|Win32
		{F34A31F1-BF63-41F7-8AF9-F9AD5BCF7D0D}.Release|x86.Build.0 = Release|Win32
		{55884E74-47C6-4226-B748-5DBB02AC9B38}.Debug|x64.ActiveCfg = Debug|x64
		{55884E74-47C6-4226-B748-5DBB02AC9B38}.Debug|x64.Build.0 = Debug|x64
		{55884E74-47C6-4226-B748-5DBB02AC9B38}.Debug|x86.ActiveCfg = Debug|Win32
		{55884E74-47C6-4226-B748-5DBB02AC9B38}.Debug|x86.Build.0 = Debug|Win32
		{55884E74-47C6-4226-B748-5DBB02AC9B38}.Release|x64.ActiveCfg = Release|x64
		{55884E74-47C6-4226-B748-5DBB02AC9B38}.Release|x64.Build.0 = Release|x64
		{55884E74-47C6-4226-B748-5DBB02AC9B38}.Release|x86.ActiveCfg = Release|Win32
		{55884E74-47C6-4226-B748-5DBB02AC9B38}.Release|x86.Build.0 = Release|Win32
		{6BCD1908-3A1F-46DE-8B4E-9B02077B558E}.Debug|x64.ActiveCfg = Debug|x64
		{6BCD1908-3A1F-46DE-8B4E-9B02077B558E}.Debug|x64.Build.0 = Debug|x64
		{6BCD1908-3A1F-46DE-8B4E-9B02077B558E}.Debug|x86.ActiveCfg = Debug|Win32
		{6BCD1908-3A1F-46DE-8B4E-9B02077B558E}.Debug|x86.Build.0 = Debug|Win32
		{6BCD1908-3A1F-46DE-8B4E-9B02077B558E}.Release|x64.ActiveCfg = Release|x64
		{6BCD1908-3A1F-46DE-8B4E-9B02077B558E}.Release|x64.Build.0 = Release|x64
		{6BCD1908-3A1F-46DE-8B4E-9B02077B558E}.Release|x86.ActiveCfg = Release|Win32
		{6BCD1908-3A1F-46DE-8B4E-9B02077B558E}.Release|x86.Build.0 = Release|Win32
	EndGlobalSection
	GlobalSection(SolutionProperties) = preSolution
		HideSolutionNode = FALSE
	EndGlobalSection
	GlobalSection(ExtensibilityGlobals) = postSolution
		SolutionGuid = {901CC323-836D-4A4A-9B31-7C88CE1E9896}
	EndGlobalSection
EndGlobal
