
Microsoft Visual Studio Solution File, Format Version 12.00
# Visual Studio Version 17
VisualStudioVersion = 17.11.35222.181
MinimumVisualStudioVersion = 10.0.40219.1
Project("{8BC9CEB8-8B4A-11D0-8D11-00A0C91BC942}") = "01", "01\01.vcxproj", "{6A49537E-1A18-42B5-9E0D-21A0863D483D}"
EndProject
Project("{8BC9CEB8-8B4A-11D0-8D11-00A0C91BC942}") = "02", "02\02.vcxproj", "{DCD4CE07-0045-4955-9639-ECECBC6374D3}"
EndProject
Project("{8BC9CEB8-8B4A-11D0-8D11-00A0C91BC942}") = "03", "03\03.vcxproj", "{7668170B-EDB4-407B-82F0-85A44C634709}"
EndProject
Project("{8BC9CEB8-8B4A-11D0-8D11-00A0C91BC942}") = "04", "04\04.vcxproj", "{2185736E-C2A6-43AE-8A09-C38F6C8D4B68}"
EndProject
Project("{8BC9CEB8-8B4A-11D0-8D11-00A0C91BC942}") = "05", "05\05.vcxproj", "{10DB0F02-51B5-4254-A560-1766D786BE82}"
EndProject
Project("{8BC9CEB8-8B4A-11D0-8D11-00A0C91BC942}") = "06", "06\06.vcxproj", "{8D7B403A-6360-4264-B0B2-E78B2F94EEC6}"
EndProject
Project("{8BC9CEB8-8B4A-11D0-8D11-00A0C91BC942}") = "07", "07\07.vcxproj", "{F87CCB96-39C6-4EB3-9A02-84DABC894CA7}"
EndProject
Project("{8BC9CEB8-8B4A-11D0-8D11-00A0C91BC942}") = "08", "08\08.vcxproj", "{4875E4F8-ED82-4DC1-BC8F-5E0E27097E65}"
EndProject
Project("{8BC9CEB8-8B4A-11D0-8D11-00A0C91BC942}") = "09", "09\09.vcxproj", "{8EDAF2CD-BB25-4A7E-8487-903937A4EA57}"
EndProject
Project("{8BC9CEB8-8B4A-11D0-8D11-00A0C91BC942}") = "10", "10\10.vcxproj", "{AFF9AE48-272D-457D-9183-77EEBFC0466B}"
EndProject
Global
	GlobalSection(SolutionConfigurationPlatforms) = preSolution
		Debug|x64 = Debug|x64
		Debug|x86 = Debug|x86
		Release|x64 = Release|x64
		Release|x86 = Release|x86
	EndGlobalSection
	GlobalSection(ProjectConfigurationPlatforms) = postSolution
		{6A49537E-1A18-42B5-9E0D-21A0863D483D}.Debug|x64.ActiveCfg = Debug|x64
		{6A49537E-1A18-42B5-9E0D-21A0863D483D}.Debug|x64.Build.0 = Debug|x64
		{6A49537E-1A18-42B5-9E0D-21A0863D483D}.Debug|x86.ActiveCfg = Debug|Win32
		{6A49537E-1A18-42B5-9E0D-21A0863D483D}.Debug|x86.Build.0 = Debug|Win32
		{6A49537E-1A18-42B5-9E0D-21A0863D483D}.Release|x64.ActiveCfg = Release|x64
		{6A49537E-1A18-42B5-9E0D-21A0863D483D}.Release|x64.Build.0 = Release|x64
		{6A49537E-1A18-42B5-9E0D-21A0863D483D}.Release|x86.ActiveCfg = Release|Win32
		{6A49537E-1A18-42B5-9E0D-21A0863D483D}.Release|x86.Build.0 = Release|Win32
		{DCD4CE07-0045-4955-9639-ECECBC6374D3}.Debug|x64.ActiveCfg = Debug|x64
		{DCD4CE07-0045-4955-9639-ECECBC6374D3}.Debug|x64.Build.0 = Debug|x64
		{DCD4CE07-0045-4955-9639-ECECBC6374D3}.Debug|x86.ActiveCfg = Debug|Win32
		{DCD4CE07-0045-4955-9639-ECECBC6374D3}.Debug|x86.Build.0 = Debug|Win32
		{DCD4CE07-0045-4955-9639-ECECBC6374D3}.Release|x64.ActiveCfg = Release|x64
		{DCD4CE07-0045-4955-9639-ECECBC6374D3}.Release|x64.Build.0 = Release|x64
		{DCD4CE07-0045-4955-9639-ECECBC6374D3}.Release|x86.ActiveCfg = Release|Win32
		{DCD4CE07-0045-4955-9639-ECECBC6374D3}.Release|x86.Build.0 = Release|Win32
		{7668170B-EDB4-407B-82F0-85A44C634709}.Debug|x64.ActiveCfg = Debug|x64
		{7668170B-EDB4-407B-82F0-85A44C634709}.Debug|x64.Build.0 = Debug|x64
		{7668170B-EDB4-407B-82F0-85A44C634709}.Debug|x86.ActiveCfg = Debug|Win32
		{7668170B-EDB4-407B-82F0-85A44C634709}.Debug|x86.Build.0 = Debug|Win32
		{7668170B-EDB4-407B-82F0-85A44C634709}.Release|x64.ActiveCfg = Release|x64
		{7668170B-EDB4-407B-82F0-85A44C634709}.Release|x64.Build.0 = Release|x64
		{7668170B-EDB4-407B-82F0-85A44C634709}.Release|x86.ActiveCfg = Release|Win32
		{7668170B-EDB4-407B-82F0-85A44C634709}.Release|x86.Build.0 = Release|Win32
		{2185736E-C2A6-43AE-8A09-C38F6C8D4B68}.Debug|x64.ActiveCfg = Debug|x64
		{2185736E-C2A6-43AE-8A09-C38F6C8D4B68}.Debug|x64.Build.0 = Debug|x64
		{2185736E-C2A6-43AE-8A09-C38F6C8D4B68}.Debug|x86.ActiveCfg = Debug|Win32
		{2185736E-C2A6-43AE-8A09-C38F6C8D4B68}.Debug|x86.Build.0 = Debug|Win32
		{2185736E-C2A6-43AE-8A09-C38F6C8D4B68}.Release|x64.ActiveCfg = Release|x64
		{2185736E-C2A6-43AE-8A09-C38F6C8D4B68}.Release|x64.Build.0 = Release|x64
		{2185736E-C2A6-43AE-8A09-C38F6C8D4B68}.Release|x86.ActiveCfg = Release|Win32
		{2185736E-C2A6-43AE-8A09-C38F6C8D4B68}.Release|x86.Build.0 = Release|Win32
		{10DB0F02-51B5-4254-A560-1766D786BE82}.Debug|x64.ActiveCfg = Debug|x64
		{10DB0F02-51B5-4254-A560-1766D786BE82}.Debug|x64.Build.0 = Debug|x64
		{10DB0F02-51B5-4254-A560-1766D786BE82}.Debug|x86.ActiveCfg = Debug|Win32
		{10DB0F02-51B5-4254-A560-1766D786BE82}.Debug|x86.Build.0 = Debug|Win32
		{10DB0F02-51B5-4254-A560-1766D786BE82}.Release|x64.ActiveCfg = Release|x64
		{10DB0F02-51B5-4254-A560-1766D786BE82}.Release|x64.Build.0 = Release|x64
		{10DB0F02-51B5-4254-A560-1766D786BE82}.Release|x86.ActiveCfg = Release|Win32
		{10DB0F02-51B5-4254-A560-1766D786BE82}.Release|x86.Build.0 = Release|Win32
		{8D7B403A-6360-4264-B0B2-E78B2F94EEC6}.Debug|x64.ActiveCfg = Debug|x64
		{8D7B403A-6360-4264-B0B2-E78B2F94EEC6}.Debug|x64.Build.0 = Debug|x64
		{8D7B403A-6360-4264-B0B2-E78B2F94EEC6}.Debug|x86.ActiveCfg = Debug|Win32
		{8D7B403A-6360-4264-B0B2-E78B2F94EEC6}.Debug|x86.Build.0 = Debug|Win32
		{8D7B403A-6360-4264-B0B2-E78B2F94EEC6}.Release|x64.ActiveCfg = Release|x64
		{8D7B403A-6360-4264-B0B2-E78B2F94EEC6}.Release|x64.Build.0 = Release|x64
		{8D7B403A-6360-4264-B0B2-E78B2F94EEC6}.Release|x86.ActiveCfg = Release|Win32
		{8D7B403A-6360-4264-B0B2-E78B2F94EEC6}.Release|x86.Build.0 = Release|Win32
		{F87CCB96-39C6-4EB3-9A02-84DABC894CA7}.Debug|x64.ActiveCfg = Debug|x64
		{F87CCB96-39C6-4EB3-9A02-84DABC894CA7}.Debug|x64.Build.0 = Debug|x64
		{F87CCB96-39C6-4EB3-9A02-84DABC894CA7}.Debug|x86.ActiveCfg = Debug|Win32
		{F87CCB96-39C6-4EB3-9A02-84DABC894CA7}.Debug|x86.Build.0 = Debug|Win32
		{F87CCB96-39C6-4EB3-9A02-84DABC894CA7}.Release|x64.ActiveCfg = Release|x64
		{F87CCB96-39C6-4EB3-9A02-84DABC894CA7}.Release|x64.Build.0 = Release|x64
		{F87CCB96-39C6-4EB3-9A02-84DABC894CA7}.Release|x86.ActiveCfg = Release|Win32
		{F87CCB96-39C6-4EB3-9A02-84DABC894CA7}.Release|x86.Build.0 = Release|Win32
		{4875E4F8-ED82-4DC1-BC8F-5E0E27097E65}.Debug|x64.ActiveCfg = Debug|x64
		{4875E4F8-ED82-4DC1-BC8F-5E0E27097E65}.Debug|x64.Build.0 = Debug|x64
		{4875E4F8-ED82-4DC1-BC8F-5E0E27097E65}.Debug|x86.ActiveCfg = Debug|Win32
		{4875E4F8-ED82-4DC1-BC8F-5E0E27097E65}.Debug|x86.Build.0 = Debug|Win32
		{4875E4F8-ED82-4DC1-BC8F-5E0E27097E65}.Release|x64.ActiveCfg = Release|x64
		{4875E4F8-ED82-4DC1-BC8F-5E0E27097E65}.Release|x64.Build.0 = Release|x64
		{4875E4F8-ED82-4DC1-BC8F-5E0E27097E65}.Release|x86.ActiveCfg = Release|Win32
		{4875E4F8-ED82-4DC1-BC8F-5E0E27097E65}.Release|x86.Build.0 = Release|Win32
		{8EDAF2CD-BB25-4A7E-8487-903937A4EA57}.Debug|x64.ActiveCfg = Debug|x64
		{8EDAF2CD-BB25-4A7E-8487-903937A4EA57}.Debug|x64.Build.0 = Debug|x64
		{8EDAF2CD-BB25-4A7E-8487-903937A4EA57}.Debug|x86.ActiveCfg = Debug|Win32
		{8EDAF2CD-BB25-4A7E-8487-903937A4EA57}.Debug|x86.Build.0 = Debug|Win32
		{8EDAF2CD-BB25-4A7E-8487-903937A4EA57}.Release|x64.ActiveCfg = Release|x64
		{8EDAF2CD-BB25-4A7E-8487-903937A4EA57}.Release|x64.Build.0 = Release|x64
		{8EDAF2CD-BB25-4A7E-8487-903937A4EA57}.Release|x86.ActiveCfg = Release|Win32
		{8EDAF2CD-BB25-4A7E-8487-903937A4EA57}.Release|x86.Build.0 = Release|Win32
		{AFF9AE48-272D-457D-9183-77EEBFC0466B}.Debug|x64.ActiveCfg = Debug|x64
		{AFF9AE48-272D-457D-9183-77EEBFC0466B}.Debug|x64.Build.0 = Debug|x64
		{AFF9AE48-272D-457D-9183-77EEBFC0466B}.Debug|x86.ActiveCfg = Debug|Win32
		{AFF9AE48-272D-457D-9183-77EEBFC0466B}.Debug|x86.Build.0 = Debug|Win32
		{AFF9AE48-272D-457D-9183-77EEBFC0466B}.Release|x64.ActiveCfg = Release|x64
		{AFF9AE48-272D-457D-9183-77EEBFC0466B}.Release|x64.Build.0 = Release|x64
		{AFF9AE48-272D-457D-9183-77EEBFC0466B}.Release|x86.ActiveCfg = Release|Win32
		{AFF9AE48-272D-457D-9183-77EEBFC0466B}.Release|x86.Build.0 = Release|Win32
	EndGlobalSection
	GlobalSection(SolutionProperties) = preSolution
		HideSolutionNode = FALSE
	EndGlobalSection
	GlobalSection(ExtensibilityGlobals) = postSolution
		SolutionGuid = {44E6CEE1-A55D-4B81-BA52-85376EDF2A43}
	EndGlobalSection
EndGlobal
