
Microsoft Visual Studio Solution File, Format Version 12.00
# Visual Studio Version 17
VisualStudioVersion = 17.11.35222.181
MinimumVisualStudioVersion = 10.0.40219.1
Project("{8BC9CEB8-8B4A-11D0-8D11-00A0C91BC942}") = "01", "2024.10.12-HW-4\2024.10.12-HW-4.vcxproj", "{DBED00CE-C0B1-4242-8AA4-93C89E80C069}"
EndProject
Project("{8BC9CEB8-8B4A-11D0-8D11-00A0C91BC942}") = "02", "02\02.vcxproj", "{ED1785CE-A617-4CB6-8DF3-46A6F28FE17C}"
EndProject
Project("{8BC9CEB8-8B4A-11D0-8D11-00A0C91BC942}") = "03", "03\03.vcxproj", "{704A4460-198B-45EC-8F69-22A060BDDCB0}"
EndProject
Project("{8BC9CEB8-8B4A-11D0-8D11-00A0C91BC942}") = "04", "04\04.vcxproj", "{9B04516D-C68E-472B-8109-DA0B96FE9245}"
EndProject
Project("{8BC9CEB8-8B4A-11D0-8D11-00A0C91BC942}") = "05", "05\05.vcxproj", "{CFC7EBEB-23F2-466B-B067-B822F5972B1B}"
EndProject
Project("{8BC9CEB8-8B4A-11D0-8D11-00A0C91BC942}") = "06", "06\06.vcxproj", "{665D9C84-F978-41B5-818E-FC6E76C43F22}"
EndProject
Project("{8BC9CEB8-8B4A-11D0-8D11-00A0C91BC942}") = "07", "07\07.vcxproj", "{A050CF74-E1EF-4379-9AD7-854DCA50078B}"
EndProject
Project("{8BC9CEB8-8B4A-11D0-8D11-00A0C91BC942}") = "08", "08\08.vcxproj", "{48B79993-3E65-4E94-B291-6DD1885D062A}"
EndProject
Project("{8BC9CEB8-8B4A-11D0-8D11-00A0C91BC942}") = "09", "09\09.vcxproj", "{3E6E4675-E24B-4308-AFC5-48A93A455D72}"
EndProject
Project("{8BC9CEB8-8B4A-11D0-8D11-00A0C91BC942}") = "10", "10\10.vcxproj", "{2F1C915A-1B4E-4364-8507-3DF918CF15D9}"
EndProject
Global
	GlobalSection(SolutionConfigurationPlatforms) = preSolution
		Debug|x64 = Debug|x64
		Debug|x86 = Debug|x86
		Release|x64 = Release|x64
		Release|x86 = Release|x86
	EndGlobalSection
	GlobalSection(ProjectConfigurationPlatforms) = postSolution
		{DBED00CE-C0B1-4242-8AA4-93C89E80C069}.Debug|x64.ActiveCfg = Debug|x64
		{DBED00CE-C0B1-4242-8AA4-93C89E80C069}.Debug|x64.Build.0 = Debug|x64
		{DBED00CE-C0B1-4242-8AA4-93C89E80C069}.Debug|x86.ActiveCfg = Debug|Win32
		{DBED00CE-C0B1-4242-8AA4-93C89E80C069}.Debug|x86.Build.0 = Debug|Win32
		{DBED00CE-C0B1-4242-8AA4-93C89E80C069}.Release|x64.ActiveCfg = Release|x64
		{DBED00CE-C0B1-4242-8AA4-93C89E80C069}.Release|x64.Build.0 = Release|x64
		{DBED00CE-C0B1-4242-8AA4-93C89E80C069}.Release|x86.ActiveCfg = Release|Win32
		{DBED00CE-C0B1-4242-8AA4-93C89E80C069}.Release|x86.Build.0 = Release|Win32
		{ED1785CE-A617-4CB6-8DF3-46A6F28FE17C}.Debug|x64.ActiveCfg = Debug|x64
		{ED1785CE-A617-4CB6-8DF3-46A6F28FE17C}.Debug|x64.Build.0 = Debug|x64
		{ED1785CE-A617-4CB6-8DF3-46A6F28FE17C}.Debug|x86.ActiveCfg = Debug|Win32
		{ED1785CE-A617-4CB6-8DF3-46A6F28FE17C}.Debug|x86.Build.0 = Debug|Win32
		{ED1785CE-A617-4CB6-8DF3-46A6F28FE17C}.Release|x64.ActiveCfg = Release|x64
		{ED1785CE-A617-4CB6-8DF3-46A6F28FE17C}.Release|x64.Build.0 = Release|x64
		{ED1785CE-A617-4CB6-8DF3-46A6F28FE17C}.Release|x86.ActiveCfg = Release|Win32
		{ED1785CE-A617-4CB6-8DF3-46A6F28FE17C}.Release|x86.Build.0 = Release|Win32
		{704A4460-198B-45EC-8F69-22A060BDDCB0}.Debug|x64.ActiveCfg = Debug|x64
		{704A4460-198B-45EC-8F69-22A060BDDCB0}.Debug|x64.Build.0 = Debug|x64
		{704A4460-198B-45EC-8F69-22A060BDDCB0}.Debug|x86.ActiveCfg = Debug|Win32
		{704A4460-198B-45EC-8F69-22A060BDDCB0}.Debug|x86.Build.0 = Debug|Win32
		{704A4460-198B-45EC-8F69-22A060BDDCB0}.Release|x64.ActiveCfg = Release|x64
		{704A4460-198B-45EC-8F69-22A060BDDCB0}.Release|x64.Build.0 = Release|x64
		{704A4460-198B-45EC-8F69-22A060BDDCB0}.Release|x86.ActiveCfg = Release|Win32
		{704A4460-198B-45EC-8F69-22A060BDDCB0}.Release|x86.Build.0 = Release|Win32
		{9B04516D-C68E-472B-8109-DA0B96FE9245}.Debug|x64.ActiveCfg = Debug|x64
		{9B04516D-C68E-472B-8109-DA0B96FE9245}.Debug|x64.Build.0 = Debug|x64
		{9B04516D-C68E-472B-8109-DA0B96FE9245}.Debug|x86.ActiveCfg = Debug|Win32
		{9B04516D-C68E-472B-8109-DA0B96FE9245}.Debug|x86.Build.0 = Debug|Win32
		{9B04516D-C68E-472B-8109-DA0B96FE9245}.Release|x64.ActiveCfg = Release|x64
		{9B04516D-C68E-472B-8109-DA0B96FE9245}.Release|x64.Build.0 = Release|x64
		{9B04516D-C68E-472B-8109-DA0B96FE9245}.Release|x86.ActiveCfg = Release|Win32
		{9B04516D-C68E-472B-8109-DA0B96FE9245}.Release|x86.Build.0 = Release|Win32
		{CFC7EBEB-23F2-466B-B067-B822F5972B1B}.Debug|x64.ActiveCfg = Debug|x64
		{CFC7EBEB-23F2-466B-B067-B822F5972B1B}.Debug|x64.Build.0 = Debug|x64
		{CFC7EBEB-23F2-466B-B067-B822F5972B1B}.Debug|x86.ActiveCfg = Debug|Win32
		{CFC7EBEB-23F2-466B-B067-B822F5972B1B}.Debug|x86.Build.0 = Debug|Win32
		{CFC7EBEB-23F2-466B-B067-B822F5972B1B}.Release|x64.ActiveCfg = Release|x64
		{CFC7EBEB-23F2-466B-B067-B822F5972B1B}.Release|x64.Build.0 = Release|x64
		{CFC7EBEB-23F2-466B-B067-B822F5972B1B}.Release|x86.ActiveCfg = Release|Win32
		{CFC7EBEB-23F2-466B-B067-B822F5972B1B}.Release|x86.Build.0 = Release|Win32
		{665D9C84-F978-41B5-818E-FC6E76C43F22}.Debug|x64.ActiveCfg = Debug|x64
		{665D9C84-F978-41B5-818E-FC6E76C43F22}.Debug|x64.Build.0 = Debug|x64
		{665D9C84-F978-41B5-818E-FC6E76C43F22}.Debug|x86.ActiveCfg = Debug|Win32
		{665D9C84-F978-41B5-818E-FC6E76C43F22}.Debug|x86.Build.0 = Debug|Win32
		{665D9C84-F978-41B5-818E-FC6E76C43F22}.Release|x64.ActiveCfg = Release|x64
		{665D9C84-F978-41B5-818E-FC6E76C43F22}.Release|x64.Build.0 = Release|x64
		{665D9C84-F978-41B5-818E-FC6E76C43F22}.Release|x86.ActiveCfg = Release|Win32
		{665D9C84-F978-41B5-818E-FC6E76C43F22}.Release|x86.Build.0 = Release|Win32
		{A050CF74-E1EF-4379-9AD7-854DCA50078B}.Debug|x64.ActiveCfg = Debug|x64
		{A050CF74-E1EF-4379-9AD7-854DCA50078B}.Debug|x64.Build.0 = Debug|x64
		{A050CF74-E1EF-4379-9AD7-854DCA50078B}.Debug|x86.ActiveCfg = Debug|Win32
		{A050CF74-E1EF-4379-9AD7-854DCA50078B}.Debug|x86.Build.0 = Debug|Win32
		{A050CF74-E1EF-4379-9AD7-854DCA50078B}.Release|x64.ActiveCfg = Release|x64
		{A050CF74-E1EF-4379-9AD7-854DCA50078B}.Release|x64.Build.0 = Release|x64
		{A050CF74-E1EF-4379-9AD7-854DCA50078B}.Release|x86.ActiveCfg = Release|Win32
		{A050CF74-E1EF-4379-9AD7-854DCA50078B}.Release|x86.Build.0 = Release|Win32
		{48B79993-3E65-4E94-B291-6DD1885D062A}.Debug|x64.ActiveCfg = Debug|x64
		{48B79993-3E65-4E94-B291-6DD1885D062A}.Debug|x64.Build.0 = Debug|x64
		{48B79993-3E65-4E94-B291-6DD1885D062A}.Debug|x86.ActiveCfg = Debug|Win32
		{48B79993-3E65-4E94-B291-6DD1885D062A}.Debug|x86.Build.0 = Debug|Win32
		{48B79993-3E65-4E94-B291-6DD1885D062A}.Release|x64.ActiveCfg = Release|x64
		{48B79993-3E65-4E94-B291-6DD1885D062A}.Release|x64.Build.0 = Release|x64
		{48B79993-3E65-4E94-B291-6DD1885D062A}.Release|x86.ActiveCfg = Release|Win32
		{48B79993-3E65-4E94-B291-6DD1885D062A}.Release|x86.Build.0 = Release|Win32
		{3E6E4675-E24B-4308-AFC5-48A93A455D72}.Debug|x64.ActiveCfg = Debug|x64
		{3E6E4675-E24B-4308-AFC5-48A93A455D72}.Debug|x64.Build.0 = Debug|x64
		{3E6E4675-E24B-4308-AFC5-48A93A455D72}.Debug|x86.ActiveCfg = Debug|Win32
		{3E6E4675-E24B-4308-AFC5-48A93A455D72}.Debug|x86.Build.0 = Debug|Win32
		{3E6E4675-E24B-4308-AFC5-48A93A455D72}.Release|x64.ActiveCfg = Release|x64
		{3E6E4675-E24B-4308-AFC5-48A93A455D72}.Release|x64.Build.0 = Release|x64
		{3E6E4675-E24B-4308-AFC5-48A93A455D72}.Release|x86.ActiveCfg = Release|Win32
		{3E6E4675-E24B-4308-AFC5-48A93A455D72}.Release|x86.Build.0 = Release|Win32
		{2F1C915A-1B4E-4364-8507-3DF918CF15D9}.Debug|x64.ActiveCfg = Debug|x64
		{2F1C915A-1B4E-4364-8507-3DF918CF15D9}.Debug|x64.Build.0 = Debug|x64
		{2F1C915A-1B4E-4364-8507-3DF918CF15D9}.Debug|x86.ActiveCfg = Debug|Win32
		{2F1C915A-1B4E-4364-8507-3DF918CF15D9}.Debug|x86.Build.0 = Debug|Win32
		{2F1C915A-1B4E-4364-8507-3DF918CF15D9}.Release|x64.ActiveCfg = Release|x64
		{2F1C915A-1B4E-4364-8507-3DF918CF15D9}.Release|x64.Build.0 = Release|x64
		{2F1C915A-1B4E-4364-8507-3DF918CF15D9}.Release|x86.ActiveCfg = Release|Win32
		{2F1C915A-1B4E-4364-8507-3DF918CF15D9}.Release|x86.Build.0 = Release|Win32
	EndGlobalSection
	GlobalSection(SolutionProperties) = preSolution
		HideSolutionNode = FALSE
	EndGlobalSection
	GlobalSection(ExtensibilityGlobals) = postSolution
		SolutionGuid = {7D061C94-EC5D-4A76-AF0E-92B71A149B41}
	EndGlobalSection
EndGlobal
